
Microsoft Visual Studio Solution File, Format Version 12.00
# Visual Studio Version 17
VisualStudioVersion = 17.5.002.0
MinimumVisualStudioVersion = 10.0.40219.1
Project("{2150E333-8FDC-42A3-9474-1A3956D46DE8}") = "csharp", "csharp", "{346AE223-40AE-4927-B366-98684815310F}"
EndProject
Project("{9A19103F-16F7-4668-BE54-9A1E7A4F7556}") = "net_empty", "csharp\net_empty\net_empty.csproj", "{702BA9BD-D048-4F9E-8DF3-8838D84F3EF1}"
EndProject
Project("{9A19103F-16F7-4668-BE54-9A1E7A4F7556}") = "mvctraining", "csharp\mvctraining\mvctraining.csproj", "{87431185-336F-445C-B0CF-01F24664D975}"
EndProject
Project("{9A19103F-16F7-4668-BE54-9A1E7A4F7556}") = "Trainging.Ecommerce.MvcApp", "csharp\Trainging.Ecommerce.MvcApp\Trainging.Ecommerce.MvcApp.csproj", "{3A4A06BC-D2BE-47DF-AEE7-C3C362E36BA8}"
EndProject
Project("{9A19103F-16F7-4668-BE54-9A1E7A4F7556}") = "Infrustructure", "csharp\Infrustructure\Infrustructure.csproj", "{EA29C971-E632-4A25-9C4F-4BF29099D83D}"
EndProject
Project("{2150E333-8FDC-42A3-9474-1A3956D46DE8}") = "ConsoleApp1", "ConsoleApp1", "{539A4249-5376-4297-9204-828E69FBB0F7}"
EndProject
Project("{9A19103F-16F7-4668-BE54-9A1E7A4F7556}") = "ConsoleApp1", "csharp\ConsoleApp1\ConsoleApp1\ConsoleApp1.csproj", "{6348D445-3E87-435F-98A1-E5551CA30D76}"
EndProject
Project("{2150E333-8FDC-42A3-9474-1A3956D46DE8}") = "ConsoleApp2", "ConsoleApp2", "{77567807-D518-428B-9539-2E47C6846069}"
EndProject
Project("{9A19103F-16F7-4668-BE54-9A1E7A4F7556}") = "ConsoleApp2", "csharp\ConsoleApp2\ConsoleApp2\ConsoleApp2.csproj", "{A49C82D4-D30F-4E53-813D-0B888ED25DA1}"
EndProject
Project("{2150E333-8FDC-42A3-9474-1A3956D46DE8}") = "Day3", "Day3", "{23DF317D-BB3C-40FC-A606-4CC1F92E8E65}"
EndProject
Project("{9A19103F-16F7-4668-BE54-9A1E7A4F7556}") = "Day3", "csharp\Day3\Day3\Day3.csproj", "{12DB140E-8D3A-4226-A2D7-809543B5E939}"
EndProject
Project("{2150E333-8FDC-42A3-9474-1A3956D46DE8}") = "DapperTutorial-main", "DapperTutorial-main", "{1C04F5C1-1D68-4D17-BAFB-8D55D23AB129}"
EndProject
Project("{2150E333-8FDC-42A3-9474-1A3956D46DE8}") = "DapperTutorial-main", "DapperTutorial-main", "{D025091B-A806-49E1-A779-AC710A1D9B44}"
EndProject
Project("{9A19103F-16F7-4668-BE54-9A1E7A4F7556}") = "DapperTutorial.Core", "DapperTutorial-main\DapperTutorial-main\DapperTutorial.Core\DapperTutorial.Core.csproj", "{489679D6-CF9D-456E-BA58-BFE83BA56B4E}"
EndProject
Project("{9A19103F-16F7-4668-BE54-9A1E7A4F7556}") = "DapperTutorial.Infrastructure", "DapperTutorial-main\DapperTutorial-main\DapperTutorial.Infrastructure\DapperTutorial.Infrastructure.csproj", "{F2D37D12-06E1-4170-B87F-48220867ECD3}"
EndProject
Project("{9A19103F-16F7-4668-BE54-9A1E7A4F7556}") = "DapperTutorial.Presentation", "DapperTutorial-main\DapperTutorial-main\DapperTutorial.Presentation\DapperTutorial.Presentation.csproj", "{D3D17F1D-7C28-4881-9F43-6DD6EBC1B2D1}"
EndProject
Project("{2150E333-8FDC-42A3-9474-1A3956D46DE8}") = "EntityFramework-main", "EntityFramework-main", "{D8EE05F2-A8E5-4B48-B8BA-269B0887B63C}"
EndProject
Project("{2150E333-8FDC-42A3-9474-1A3956D46DE8}") = "EntityFramework-main", "EntityFramework-main", "{77D4C59A-C399-462B-826E-DBDF56245D76}"
EndProject
Project("{9A19103F-16F7-4668-BE54-9A1E7A4F7556}") = "EntityFramework.Core", "EntityFramework-main\EntityFramework-main\EntityFramework.Core\EntityFramework.Core.csproj", "{05106789-C87D-4C15-AE74-06FED69C7599}"
EndProject
Project("{9A19103F-16F7-4668-BE54-9A1E7A4F7556}") = "EntityFramework.Infrastructure", "EntityFramework-main\EntityFramework-main\EntityFramework.Infrastructure\EntityFramework.Infrastructure.csproj", "{ABE07343-0CF7-4A5D-8A5E-F7588B219B41}"
EndProject
Project("{9A19103F-16F7-4668-BE54-9A1E7A4F7556}") = "EntityFramework.Presentation", "EntityFramework-main\EntityFramework-main\EntityFramework.Presentation\EntityFramework.Presentation.csproj", "{ED78699E-51C5-4158-AD37-7BA465CDA1D5}"
EndProject
Project("{2150E333-8FDC-42A3-9474-1A3956D46DE8}") = "eshop-MVC", "eshop-MVC", "{80F099FC-9C34-4DD0-9578-68720FCBA3F8}"
EndProject
Project("{2150E333-8FDC-42A3-9474-1A3956D46DE8}") = "eshop-MVC", "eshop-MVC", "{A8EB944D-D172-41FC-B86C-7840D313D58D}"
EndProject
Project("{9A19103F-16F7-4668-BE54-9A1E7A4F7556}") = "Training.Ecommerce.MvcApp", "eshop-MVC\eshop-MVC\Training.Ecommerce.MvcApp\Training.Ecommerce.MvcApp.csproj", "{E4B6D3C5-BCA5-40C6-B843-00A3174163DA}"
EndProject
Project("{9A19103F-16F7-4668-BE54-9A1E7A4F7556}") = "ApplicationCore", "eshop-MVC\eshop-MVC\ApplicationCore\ApplicationCore.csproj", "{8576CB4D-BA88-4118-8499-270CB6FA9D1C}"
EndProject
Project("{9A19103F-16F7-4668-BE54-9A1E7A4F7556}") = "Infrastructure", "eshop-MVC\eshop-MVC\Infrastructure\Infrastructure.csproj", "{CC177301-C495-4670-ACA4-25E56FA8D2E7}"
EndProject
Project("{9A19103F-16F7-4668-BE54-9A1E7A4F7556}") = "TestLibrary", "eshop-MVC\eshop-MVC\TestLibrary\TestLibrary.csproj", "{9470E03A-2228-4F29-85EF-93BB9357902D}"
EndProject
Global
	GlobalSection(SolutionConfigurationPlatforms) = preSolution
		Debug|Any CPU = Debug|Any CPU
		Release|Any CPU = Release|Any CPU
	EndGlobalSection
	GlobalSection(ProjectConfigurationPlatforms) = postSolution
		{702BA9BD-D048-4F9E-8DF3-8838D84F3EF1}.Debug|Any CPU.ActiveCfg = Debug|Any CPU
		{702BA9BD-D048-4F9E-8DF3-8838D84F3EF1}.Debug|Any CPU.Build.0 = Debug|Any CPU
		{702BA9BD-D048-4F9E-8DF3-8838D84F3EF1}.Release|Any CPU.ActiveCfg = Release|Any CPU
		{702BA9BD-D048-4F9E-8DF3-8838D84F3EF1}.Release|Any CPU.Build.0 = Release|Any CPU
		{87431185-336F-445C-B0CF-01F24664D975}.Debug|Any CPU.ActiveCfg = Debug|Any CPU
		{87431185-336F-445C-B0CF-01F24664D975}.Debug|Any CPU.Build.0 = Debug|Any CPU
		{87431185-336F-445C-B0CF-01F24664D975}.Release|Any CPU.ActiveCfg = Release|Any CPU
		{87431185-336F-445C-B0CF-01F24664D975}.Release|Any CPU.Build.0 = Release|Any CPU
		{3A4A06BC-D2BE-47DF-AEE7-C3C362E36BA8}.Debug|Any CPU.ActiveCfg = Debug|Any CPU
		{3A4A06BC-D2BE-47DF-AEE7-C3C362E36BA8}.Debug|Any CPU.Build.0 = Debug|Any CPU
		{3A4A06BC-D2BE-47DF-AEE7-C3C362E36BA8}.Release|Any CPU.ActiveCfg = Release|Any CPU
		{3A4A06BC-D2BE-47DF-AEE7-C3C362E36BA8}.Release|Any CPU.Build.0 = Release|Any CPU
		{EA29C971-E632-4A25-9C4F-4BF29099D83D}.Debug|Any CPU.ActiveCfg = Debug|Any CPU
		{EA29C971-E632-4A25-9C4F-4BF29099D83D}.Debug|Any CPU.Build.0 = Debug|Any CPU
		{EA29C971-E632-4A25-9C4F-4BF29099D83D}.Release|Any CPU.ActiveCfg = Release|Any CPU
		{EA29C971-E632-4A25-9C4F-4BF29099D83D}.Release|Any CPU.Build.0 = Release|Any CPU
		{6348D445-3E87-435F-98A1-E5551CA30D76}.Debug|Any CPU.ActiveCfg = Debug|Any CPU
		{6348D445-3E87-435F-98A1-E5551CA30D76}.Debug|Any CPU.Build.0 = Debug|Any CPU
		{6348D445-3E87-435F-98A1-E5551CA30D76}.Release|Any CPU.ActiveCfg = Release|Any CPU
		{6348D445-3E87-435F-98A1-E5551CA30D76}.Release|Any CPU.Build.0 = Release|Any CPU
		{A49C82D4-D30F-4E53-813D-0B888ED25DA1}.Debug|Any CPU.ActiveCfg = Debug|Any CPU
		{A49C82D4-D30F-4E53-813D-0B888ED25DA1}.Debug|Any CPU.Build.0 = Debug|Any CPU
		{A49C82D4-D30F-4E53-813D-0B888ED25DA1}.Release|Any CPU.ActiveCfg = Release|Any CPU
		{A49C82D4-D30F-4E53-813D-0B888ED25DA1}.Release|Any CPU.Build.0 = Release|Any CPU
		{12DB140E-8D3A-4226-A2D7-809543B5E939}.Debug|Any CPU.ActiveCfg = Debug|Any CPU
		{12DB140E-8D3A-4226-A2D7-809543B5E939}.Debug|Any CPU.Build.0 = Debug|Any CPU
		{12DB140E-8D3A-4226-A2D7-809543B5E939}.Release|Any CPU.ActiveCfg = Release|Any CPU
		{12DB140E-8D3A-4226-A2D7-809543B5E939}.Release|Any CPU.Build.0 = Release|Any CPU
		{489679D6-CF9D-456E-BA58-BFE83BA56B4E}.Debug|Any CPU.ActiveCfg = Debug|Any CPU
		{489679D6-CF9D-456E-BA58-BFE83BA56B4E}.Debug|Any CPU.Build.0 = Debug|Any CPU
		{489679D6-CF9D-456E-BA58-BFE83BA56B4E}.Release|Any CPU.ActiveCfg = Release|Any CPU
		{489679D6-CF9D-456E-BA58-BFE83BA56B4E}.Release|Any CPU.Build.0 = Release|Any CPU
		{F2D37D12-06E1-4170-B87F-48220867ECD3}.Debug|Any CPU.ActiveCfg = Debug|Any CPU
		{F2D37D12-06E1-4170-B87F-48220867ECD3}.Debug|Any CPU.Build.0 = Debug|Any CPU
		{F2D37D12-06E1-4170-B87F-48220867ECD3}.Release|Any CPU.ActiveCfg = Release|Any CPU
		{F2D37D12-06E1-4170-B87F-48220867ECD3}.Release|Any CPU.Build.0 = Release|Any CPU
		{D3D17F1D-7C28-4881-9F43-6DD6EBC1B2D1}.Debug|Any CPU.ActiveCfg = Debug|Any CPU
		{D3D17F1D-7C28-4881-9F43-6DD6EBC1B2D1}.Debug|Any CPU.Build.0 = Debug|Any CPU
		{D3D17F1D-7C28-4881-9F43-6DD6EBC1B2D1}.Release|Any CPU.ActiveCfg = Release|Any CPU
		{D3D17F1D-7C28-4881-9F43-6DD6EBC1B2D1}.Release|Any CPU.Build.0 = Release|Any CPU
		{05106789-C87D-4C15-AE74-06FED69C7599}.Debug|Any CPU.ActiveCfg = Debug|Any CPU
		{05106789-C87D-4C15-AE74-06FED69C7599}.Debug|Any CPU.Build.0 = Debug|Any CPU
		{05106789-C87D-4C15-AE74-06FED69C7599}.Release|Any CPU.ActiveCfg = Release|Any CPU
		{05106789-C87D-4C15-AE74-06FED69C7599}.Release|Any CPU.Build.0 = Release|Any CPU
		{ABE07343-0CF7-4A5D-8A5E-F7588B219B41}.Debug|Any CPU.ActiveCfg = Debug|Any CPU
		{ABE07343-0CF7-4A5D-8A5E-F7588B219B41}.Debug|Any CPU.Build.0 = Debug|Any CPU
		{ABE07343-0CF7-4A5D-8A5E-F7588B219B41}.Release|Any CPU.ActiveCfg = Release|Any CPU
		{ABE07343-0CF7-4A5D-8A5E-F7588B219B41}.Release|Any CPU.Build.0 = Release|Any CPU
		{ED78699E-51C5-4158-AD37-7BA465CDA1D5}.Debug|Any CPU.ActiveCfg = Debug|Any CPU
		{ED78699E-51C5-4158-AD37-7BA465CDA1D5}.Debug|Any CPU.Build.0 = Debug|Any CPU
		{ED78699E-51C5-4158-AD37-7BA465CDA1D5}.Release|Any CPU.ActiveCfg = Release|Any CPU
		{ED78699E-51C5-4158-AD37-7BA465CDA1D5}.Release|Any CPU.Build.0 = Release|Any CPU
		{E4B6D3C5-BCA5-40C6-B843-00A3174163DA}.Debug|Any CPU.ActiveCfg = Debug|Any CPU
		{E4B6D3C5-BCA5-40C6-B843-00A3174163DA}.Debug|Any CPU.Build.0 = Debug|Any CPU
		{E4B6D3C5-BCA5-40C6-B843-00A3174163DA}.Release|Any CPU.ActiveCfg = Release|Any CPU
		{E4B6D3C5-BCA5-40C6-B843-00A3174163DA}.Release|Any CPU.Build.0 = Release|Any CPU
		{8576CB4D-BA88-4118-8499-270CB6FA9D1C}.Debug|Any CPU.ActiveCfg = Debug|Any CPU
		{8576CB4D-BA88-4118-8499-270CB6FA9D1C}.Debug|Any CPU.Build.0 = Debug|Any CPU
		{8576CB4D-BA88-4118-8499-270CB6FA9D1C}.Release|Any CPU.ActiveCfg = Release|Any CPU
		{8576CB4D-BA88-4118-8499-270CB6FA9D1C}.Release|Any CPU.Build.0 = Release|Any CPU
		{CC177301-C495-4670-ACA4-25E56FA8D2E7}.Debug|Any CPU.ActiveCfg = Debug|Any CPU
		{CC177301-C495-4670-ACA4-25E56FA8D2E7}.Debug|Any CPU.Build.0 = Debug|Any CPU
		{CC177301-C495-4670-ACA4-25E56FA8D2E7}.Release|Any CPU.ActiveCfg = Release|Any CPU
		{CC177301-C495-4670-ACA4-25E56FA8D2E7}.Release|Any CPU.Build.0 = Release|Any CPU
		{9470E03A-2228-4F29-85EF-93BB9357902D}.Debug|Any CPU.ActiveCfg = Debug|Any CPU
		{9470E03A-2228-4F29-85EF-93BB9357902D}.Debug|Any CPU.Build.0 = Debug|Any CPU
		{9470E03A-2228-4F29-85EF-93BB9357902D}.Release|Any CPU.ActiveCfg = Release|Any CPU
		{9470E03A-2228-4F29-85EF-93BB9357902D}.Release|Any CPU.Build.0 = Release|Any CPU
	EndGlobalSection
	GlobalSection(SolutionProperties) = preSolution
		HideSolutionNode = FALSE
	EndGlobalSection
	GlobalSection(NestedProjects) = preSolution
		{702BA9BD-D048-4F9E-8DF3-8838D84F3EF1} = {346AE223-40AE-4927-B366-98684815310F}
		{87431185-336F-445C-B0CF-01F24664D975} = {346AE223-40AE-4927-B366-98684815310F}
		{3A4A06BC-D2BE-47DF-AEE7-C3C362E36BA8} = {346AE223-40AE-4927-B366-98684815310F}
		{EA29C971-E632-4A25-9C4F-4BF29099D83D} = {346AE223-40AE-4927-B366-98684815310F}
		{539A4249-5376-4297-9204-828E69FBB0F7} = {346AE223-40AE-4927-B366-98684815310F}
		{6348D445-3E87-435F-98A1-E5551CA30D76} = {539A4249-5376-4297-9204-828E69FBB0F7}
		{77567807-D518-428B-9539-2E47C6846069} = {346AE223-40AE-4927-B366-98684815310F}
		{A49C82D4-D30F-4E53-813D-0B888ED25DA1} = {77567807-D518-428B-9539-2E47C6846069}
		{23DF317D-BB3C-40FC-A606-4CC1F92E8E65} = {346AE223-40AE-4927-B366-98684815310F}
		{12DB140E-8D3A-4226-A2D7-809543B5E939} = {23DF317D-BB3C-40FC-A606-4CC1F92E8E65}
		{D025091B-A806-49E1-A779-AC710A1D9B44} = {1C04F5C1-1D68-4D17-BAFB-8D55D23AB129}
		{489679D6-CF9D-456E-BA58-BFE83BA56B4E} = {D025091B-A806-49E1-A779-AC710A1D9B44}
		{F2D37D12-06E1-4170-B87F-48220867ECD3} = {D025091B-A806-49E1-A779-AC710A1D9B44}
		{D3D17F1D-7C28-4881-9F43-6DD6EBC1B2D1} = {D025091B-A806-49E1-A779-AC710A1D9B44}
		{77D4C59A-C399-462B-826E-DBDF56245D76} = {D8EE05F2-A8E5-4B48-B8BA-269B0887B63C}
		{05106789-C87D-4C15-AE74-06FED69C7599} = {77D4C59A-C399-462B-826E-DBDF56245D76}
		{ABE07343-0CF7-4A5D-8A5E-F7588B219B41} = {77D4C59A-C399-462B-826E-DBDF56245D76}
		{ED78699E-51C5-4158-AD37-7BA465CDA1D5} = {77D4C59A-C399-462B-826E-DBDF56245D76}
		{A8EB944D-D172-41FC-B86C-7840D313D58D} = {80F099FC-9C34-4DD0-9578-68720FCBA3F8}
		{E4B6D3C5-BCA5-40C6-B843-00A3174163DA} = {A8EB944D-D172-41FC-B86C-7840D313D58D}
		{8576CB4D-BA88-4118-8499-270CB6FA9D1C} = {A8EB944D-D172-41FC-B86C-7840D313D58D}
		{CC177301-C495-4670-ACA4-25E56FA8D2E7} = {A8EB944D-D172-41FC-B86C-7840D313D58D}
		{9470E03A-2228-4F29-85EF-93BB9357902D} = {A8EB944D-D172-41FC-B86C-7840D313D58D}
	EndGlobalSection
	GlobalSection(ExtensibilityGlobals) = postSolution
		SolutionGuid = {BF60766D-06B9-414C-8752-CF75FF5EC351}
	EndGlobalSection
EndGlobal
