
Microsoft Visual Studio Solution File, Format Version 12.00
# Visual Studio Version 17
VisualStudioVersion = 17.9.34728.123
MinimumVisualStudioVersion = 10.0.40219.1
Project("{FAE04EC0-301F-11D3-BF4B-00C04F79EFBC}") = "mvctraining", "mvctraining.csproj", "{69EA967B-D21A-400A-892D-1DAE904329AF}"
EndProject
Global
	GlobalSection(SolutionConfigurationPlatforms) = preSolution
		Debug|Any CPU = Debug|Any CPU
		Release|Any CPU = Release|Any CPU
	EndGlobalSection
	GlobalSection(ProjectConfigurationPlatforms) = postSolution
		{69EA967B-D21A-400A-892D-1DAE904329AF}.Debug|Any CPU.ActiveCfg = Debug|Any CPU
		{69EA967B-D21A-400A-892D-1DAE904329AF}.Debug|Any CPU.Build.0 = Debug|Any CPU
		{69EA967B-D21A-400A-892D-1DAE904329AF}.Release|Any CPU.ActiveCfg = Release|Any CPU
		{69EA967B-D21A-400A-892D-1DAE904329AF}.Release|Any CPU.Build.0 = Release|Any CPU
	EndGlobalSection
	GlobalSection(SolutionProperties) = preSolution
		HideSolutionNode = FALSE
	EndGlobalSection
	GlobalSection(ExtensibilityGlobals) = postSolution
		SolutionGuid = {378D6215-30E0-4223-B926-9ADEE9183E98}
	EndGlobalSection
EndGlobal
