
Microsoft Visual Studio Solution File, Format Version 12.00
# Visual Studio Version 17
VisualStudioVersion = 17.9.34728.123
MinimumVisualStudioVersion = 10.0.40219.1
Project("{FAE04EC0-301F-11D3-BF4B-00C04F79EFBC}") = "Day3", "Day3\Day3.csproj", "{D7E006A7-4B7F-4C4A-896A-208BF7B1B50B}"
EndProject
Global
	GlobalSection(SolutionConfigurationPlatforms) = preSolution
		Debug|Any CPU = Debug|Any CPU
		Release|Any CPU = Release|Any CPU
	EndGlobalSection
	GlobalSection(ProjectConfigurationPlatforms) = postSolution
		{D7E006A7-4B7F-4C4A-896A-208BF7B1B50B}.Debug|Any CPU.ActiveCfg = Debug|Any CPU
		{D7E006A7-4B7F-4C4A-896A-208BF7B1B50B}.Debug|Any CPU.Build.0 = Debug|Any CPU
		{D7E006A7-4B7F-4C4A-896A-208BF7B1B50B}.Release|Any CPU.ActiveCfg = Release|Any CPU
		{D7E006A7-4B7F-4C4A-896A-208BF7B1B50B}.Release|Any CPU.Build.0 = Release|Any CPU
	EndGlobalSection
	GlobalSection(SolutionProperties) = preSolution
		HideSolutionNode = FALSE
	EndGlobalSection
	GlobalSection(ExtensibilityGlobals) = postSolution
		SolutionGuid = {37E759D0-F53E-479B-87F0-DC5F509A2DF7}
	EndGlobalSection
EndGlobal
